
Microsoft Visual Studio Solution File, Format Version 12.00
# Visual Studio Version 17
VisualStudioVersion = 17.8.34330.188
MinimumVisualStudioVersion = 10.0.40219.1
Project("{FAE04EC0-301F-11D3-BF4B-00C04F79EFBC}") = "MonolithicArchitecture.API", "MonolithicArchitecture.API\MonolithicArchitecture.API.csproj", "{990CC516-36A3-4C4D-9819-66A10F8A3C94}"
EndProject
Global
	GlobalSection(SolutionConfigurationPlatforms) = preSolution
		Debug|Any CPU = Debug|Any CPU
		Release|Any CPU = Release|Any CPU
	EndGlobalSection
	GlobalSection(ProjectConfigurationPlatforms) = postSolution
		{990CC516-36A3-4C4D-9819-66A10F8A3C94}.Debug|Any CPU.ActiveCfg = Debug|Any CPU
		{990CC516-36A3-4C4D-9819-66A10F8A3C94}.Debug|Any CPU.Build.0 = Debug|Any CPU
		{990CC516-36A3-4C4D-9819-66A10F8A3C94}.Release|Any CPU.ActiveCfg = Release|Any CPU
		{990CC516-36A3-4C4D-9819-66A10F8A3C94}.Release|Any CPU.Build.0 = Release|Any CPU
	EndGlobalSection
	GlobalSection(SolutionProperties) = preSolution
		HideSolutionNode = FALSE
	EndGlobalSection
	GlobalSection(ExtensibilityGlobals) = postSolution
		SolutionGuid = {F08334F3-EECD-4D29-A688-B916DE2AE8D4}
	EndGlobalSection
EndGlobal
